
Microsoft Visual Studio Solution File, Format Version 12.00
# Visual Studio Version 17
VisualStudioVersion = 17.8.34309.116
MinimumVisualStudioVersion = 10.0.40219.1
Project("{FAE04EC0-301F-11D3-BF4B-00C04F79EFBC}") = "negosud", "negosud\negosud.csproj", "{B5FAB956-D647-40CC-9369-ABE7E5A07ECB}"
EndProject
Global
	GlobalSection(SolutionConfigurationPlatforms) = preSolution
		Debug|Any CPU = Debug|Any CPU
		Release|Any CPU = Release|Any CPU
	EndGlobalSection
	GlobalSection(ProjectConfigurationPlatforms) = postSolution
		{B5FAB956-D647-40CC-9369-ABE7E5A07ECB}.Debug|Any CPU.ActiveCfg = Debug|Any CPU
		{B5FAB956-D647-40CC-9369-ABE7E5A07ECB}.Debug|Any CPU.Build.0 = Debug|Any CPU
		{B5FAB956-D647-40CC-9369-ABE7E5A07ECB}.Release|Any CPU.ActiveCfg = Release|Any CPU
		{B5FAB956-D647-40CC-9369-ABE7E5A07ECB}.Release|Any CPU.Build.0 = Release|Any CPU
	EndGlobalSection
	GlobalSection(SolutionProperties) = preSolution
		HideSolutionNode = FALSE
	EndGlobalSection
	GlobalSection(ExtensibilityGlobals) = postSolution
		SolutionGuid = {DC8D8B5E-FCCF-4CF8-863F-68C6E1EBC141}
	EndGlobalSection
EndGlobal
